
Microsoft Visual Studio Solution File, Format Version 12.00
# Visual Studio Version 17
VisualStudioVersion = 17.0.32014.148
MinimumVisualStudioVersion = 10.0.40219.1
Project("{2150E333-8FDC-42A3-9474-1A3956D46DE8}") = "api", "api", "{1AADFA8C-80F4-4CA3-9276-9A21146C965D}"
EndProject
Project("{9A19103F-16F7-4668-BE54-9A1E7A4F7556}") = "BurgerLink.Api", "api\BurgerLink.Api\BurgerLink.Api.csproj", "{66FF56B8-B550-4436-BBAB-AAE1562A56DB}"
EndProject
Project("{2150E333-8FDC-42A3-9474-1A3956D46DE8}") = "services", "services", "{565C4CD0-805F-45ED-8D0E-F87841E4F9B2}"
EndProject
Project("{2150E333-8FDC-42A3-9474-1A3956D46DE8}") = "inventory", "inventory", "{A16F2D24-1F4F-48E6-9A78-3810F6AD01C3}"
EndProject
Project("{9A19103F-16F7-4668-BE54-9A1E7A4F7556}") = "BurgerLink.Inventory", "services\inventory\BurgerLink.Inventory\BurgerLink.Inventory.csproj", "{5DE09C73-16F1-4729-980C-6F721E00C830}"
EndProject
Project("{9A19103F-16F7-4668-BE54-9A1E7A4F7556}") = "BurgerLink.Inventory.Contracts", "services\inventory\BurgerLink.Inventory.Contracts\BurgerLink.Inventory.Contracts.csproj", "{DE28DDB6-B422-432D-A5B9-AA7EF925591A}"
EndProject
Project("{2150E333-8FDC-42A3-9474-1A3956D46DE8}") = "preparation", "preparation", "{81C71D25-3D51-4CC6-B0E5-39535EC91371}"
EndProject
Project("{9A19103F-16F7-4668-BE54-9A1E7A4F7556}") = "BurgerLink.Preparation", "services\preparation\BurgerLink.Preparation\BurgerLink.Preparation.csproj", "{1E1F0448-9D14-4B01-8FF8-E463A0D8A486}"
EndProject
Project("{9A19103F-16F7-4668-BE54-9A1E7A4F7556}") = "BurgerLink.Preparation.Contracts", "services\preparation\BurgerLink.Preparation.Contracts\BurgerLink.Preparation.Contracts.csproj", "{E6F1A6EE-86AE-4A1A-9808-C44D80402BF6}"
EndProject
Project("{2150E333-8FDC-42A3-9474-1A3956D46DE8}") = "shared", "shared", "{908B79B1-66DA-40D4-819E-C2AD2E46C925}"
EndProject
Project("{9A19103F-16F7-4668-BE54-9A1E7A4F7556}") = "BurgerLink.Shared", "shared\BurgerLink.Shared\BurgerLink.Shared.csproj", "{93011A57-34A8-450D-B467-ECD958AC9B5E}"
EndProject
Project("{2150E333-8FDC-42A3-9474-1A3956D46DE8}") = "Solution Items", "Solution Items", "{1A16BDFE-1680-4706-9ADD-D32DDCABE3B1}"
	ProjectSection(SolutionItems) = preProject
		Directory.Build.targets = Directory.Build.targets
	EndProjectSection
EndProject
Project("{2150E333-8FDC-42A3-9474-1A3956D46DE8}") = "order", "order", "{A2F03DD7-0449-41F1-BD45-1C3EDA9EF9A7}"
EndProject
Project("{9A19103F-16F7-4668-BE54-9A1E7A4F7556}") = "BurgerLink.Order", "services\order\BurgerLink.Order\BurgerLink.Order.csproj", "{3501923E-1FF8-4649-A3B7-66C4BE865B30}"
EndProject
Project("{9A19103F-16F7-4668-BE54-9A1E7A4F7556}") = "BurgerLink.Order.Contracts", "services\order\BurgerLink.Order.Contracts\BurgerLink.Order.Contracts.csproj", "{136AE4CA-EDD0-4527-B285-2B40348A148F}"
EndProject
Project("{E53339B2-1760-4266-BCC7-CA923CBCF16C}") = "docker-compose", "docker-compose.dcproj", "{7D3FFBD0-EBEF-4BB3-ADCE-A99789A5C220}"
EndProject
Project("{2150E333-8FDC-42A3-9474-1A3956D46DE8}") = "local-settings", "local-settings", "{9F3ACE09-5535-4329-B4D4-2FB6C50F1359}"
	ProjectSection(SolutionItems) = preProject
		local-settings\commonsettings.json = local-settings\commonsettings.json
	EndProjectSection
EndProject
Project("{9A19103F-16F7-4668-BE54-9A1E7A4F7556}") = "BurgerLink.Api.Test", "Api\BurgerLink.Api.Test\BurgerLink.Api.Test.csproj", "{5921B62B-663A-4860-BD18-190D023A8F86}"
EndProject
Project("{9A19103F-16F7-4668-BE54-9A1E7A4F7556}") = "BurgerLink.Inventory.Test", "services\inventory\BurgerLink.Inventory.Test\BurgerLink.Inventory.Test.csproj", "{0528C918-4344-418E-B248-37FE238BE13E}"
EndProject
Project("{9A19103F-16F7-4668-BE54-9A1E7A4F7556}") = "BurgerLink.Order.Test", "services\order\BurgerLink.Order.Test\BurgerLink.Order.Test.csproj", "{AAA918BE-D9F5-4FC9-8998-688C999377BD}"
EndProject
Project("{9A19103F-16F7-4668-BE54-9A1E7A4F7556}") = "BurgerLink.Preparation.Test", "services\preparation\BurgerLink.Preparation.Test\BurgerLink.Preparation.Test.csproj", "{2A0C40CB-0F3B-40E4-95A0-CDBFCE002696}"
EndProject
Project("{9A19103F-16F7-4668-BE54-9A1E7A4F7556}") = "BurgerLink.Shared.Test", "shared\BurgerLink.Shared.Test\BurgerLink.Shared.Test.csproj", "{5C400B41-6A56-4119-B941-6CA8BA1DB523}"
EndProject
Project("{2150E333-8FDC-42A3-9474-1A3956D46DE8}") = "ui", "ui", "{55954ADC-3A79-410A-8148-EA52045CC2A5}"
EndProject
Project("{9A19103F-16F7-4668-BE54-9A1E7A4F7556}") = "BurgerLink.Ui", "ui\BurgerLink.Ui\BurgerLink.Ui.csproj", "{670B5654-A428-43ED-988E-A8FB2B034D76}"
EndProject
Global
	GlobalSection(SolutionConfigurationPlatforms) = preSolution
		Debug|Any CPU = Debug|Any CPU
		Debug|x64 = Debug|x64
		Debug|x86 = Debug|x86
		Release|Any CPU = Release|Any CPU
		Release|x64 = Release|x64
		Release|x86 = Release|x86
	EndGlobalSection
	GlobalSection(ProjectConfigurationPlatforms) = postSolution
		{66FF56B8-B550-4436-BBAB-AAE1562A56DB}.Debug|Any CPU.ActiveCfg = Debug|Any CPU
		{66FF56B8-B550-4436-BBAB-AAE1562A56DB}.Debug|Any CPU.Build.0 = Debug|Any CPU
		{66FF56B8-B550-4436-BBAB-AAE1562A56DB}.Debug|x64.ActiveCfg = Debug|Any CPU
		{66FF56B8-B550-4436-BBAB-AAE1562A56DB}.Debug|x64.Build.0 = Debug|Any CPU
		{66FF56B8-B550-4436-BBAB-AAE1562A56DB}.Debug|x86.ActiveCfg = Debug|Any CPU
		{66FF56B8-B550-4436-BBAB-AAE1562A56DB}.Debug|x86.Build.0 = Debug|Any CPU
		{66FF56B8-B550-4436-BBAB-AAE1562A56DB}.Release|Any CPU.ActiveCfg = Release|Any CPU
		{66FF56B8-B550-4436-BBAB-AAE1562A56DB}.Release|Any CPU.Build.0 = Release|Any CPU
		{66FF56B8-B550-4436-BBAB-AAE1562A56DB}.Release|x64.ActiveCfg = Release|Any CPU
		{66FF56B8-B550-4436-BBAB-AAE1562A56DB}.Release|x64.Build.0 = Release|Any CPU
		{66FF56B8-B550-4436-BBAB-AAE1562A56DB}.Release|x86.ActiveCfg = Release|Any CPU
		{66FF56B8-B550-4436-BBAB-AAE1562A56DB}.Release|x86.Build.0 = Release|Any CPU
		{5DE09C73-16F1-4729-980C-6F721E00C830}.Debug|Any CPU.ActiveCfg = Debug|Any CPU
		{5DE09C73-16F1-4729-980C-6F721E00C830}.Debug|Any CPU.Build.0 = Debug|Any CPU
		{5DE09C73-16F1-4729-980C-6F721E00C830}.Debug|x64.ActiveCfg = Debug|Any CPU
		{5DE09C73-16F1-4729-980C-6F721E00C830}.Debug|x64.Build.0 = Debug|Any CPU
		{5DE09C73-16F1-4729-980C-6F721E00C830}.Debug|x86.ActiveCfg = Debug|Any CPU
		{5DE09C73-16F1-4729-980C-6F721E00C830}.Debug|x86.Build.0 = Debug|Any CPU
		{5DE09C73-16F1-4729-980C-6F721E00C830}.Release|Any CPU.ActiveCfg = Release|Any CPU
		{5DE09C73-16F1-4729-980C-6F721E00C830}.Release|Any CPU.Build.0 = Release|Any CPU
		{5DE09C73-16F1-4729-980C-6F721E00C830}.Release|x64.ActiveCfg = Release|Any CPU
		{5DE09C73-16F1-4729-980C-6F721E00C830}.Release|x64.Build.0 = Release|Any CPU
		{5DE09C73-16F1-4729-980C-6F721E00C830}.Release|x86.ActiveCfg = Release|Any CPU
		{5DE09C73-16F1-4729-980C-6F721E00C830}.Release|x86.Build.0 = Release|Any CPU
		{DE28DDB6-B422-432D-A5B9-AA7EF925591A}.Debug|Any CPU.ActiveCfg = Debug|Any CPU
		{DE28DDB6-B422-432D-A5B9-AA7EF925591A}.Debug|Any CPU.Build.0 = Debug|Any CPU
		{DE28DDB6-B422-432D-A5B9-AA7EF925591A}.Debug|x64.ActiveCfg = Debug|Any CPU
		{DE28DDB6-B422-432D-A5B9-AA7EF925591A}.Debug|x64.Build.0 = Debug|Any CPU
		{DE28DDB6-B422-432D-A5B9-AA7EF925591A}.Debug|x86.ActiveCfg = Debug|Any CPU
		{DE28DDB6-B422-432D-A5B9-AA7EF925591A}.Debug|x86.Build.0 = Debug|Any CPU
		{DE28DDB6-B422-432D-A5B9-AA7EF925591A}.Release|Any CPU.ActiveCfg = Release|Any CPU
		{DE28DDB6-B422-432D-A5B9-AA7EF925591A}.Release|Any CPU.Build.0 = Release|Any CPU
		{DE28DDB6-B422-432D-A5B9-AA7EF925591A}.Release|x64.ActiveCfg = Release|Any CPU
		{DE28DDB6-B422-432D-A5B9-AA7EF925591A}.Release|x64.Build.0 = Release|Any CPU
		{DE28DDB6-B422-432D-A5B9-AA7EF925591A}.Release|x86.ActiveCfg = Release|Any CPU
		{DE28DDB6-B422-432D-A5B9-AA7EF925591A}.Release|x86.Build.0 = Release|Any CPU
		{1E1F0448-9D14-4B01-8FF8-E463A0D8A486}.Debug|Any CPU.ActiveCfg = Debug|Any CPU
		{1E1F0448-9D14-4B01-8FF8-E463A0D8A486}.Debug|Any CPU.Build.0 = Debug|Any CPU
		{1E1F0448-9D14-4B01-8FF8-E463A0D8A486}.Debug|x64.ActiveCfg = Debug|Any CPU
		{1E1F0448-9D14-4B01-8FF8-E463A0D8A486}.Debug|x64.Build.0 = Debug|Any CPU
		{1E1F0448-9D14-4B01-8FF8-E463A0D8A486}.Debug|x86.ActiveCfg = Debug|Any CPU
		{1E1F0448-9D14-4B01-8FF8-E463A0D8A486}.Debug|x86.Build.0 = Debug|Any CPU
		{1E1F0448-9D14-4B01-8FF8-E463A0D8A486}.Release|Any CPU.ActiveCfg = Release|Any CPU
		{1E1F0448-9D14-4B01-8FF8-E463A0D8A486}.Release|Any CPU.Build.0 = Release|Any CPU
		{1E1F0448-9D14-4B01-8FF8-E463A0D8A486}.Release|x64.ActiveCfg = Release|Any CPU
		{1E1F0448-9D14-4B01-8FF8-E463A0D8A486}.Release|x64.Build.0 = Release|Any CPU
		{1E1F0448-9D14-4B01-8FF8-E463A0D8A486}.Release|x86.ActiveCfg = Release|Any CPU
		{1E1F0448-9D14-4B01-8FF8-E463A0D8A486}.Release|x86.Build.0 = Release|Any CPU
		{E6F1A6EE-86AE-4A1A-9808-C44D80402BF6}.Debug|Any CPU.ActiveCfg = Debug|Any CPU
		{E6F1A6EE-86AE-4A1A-9808-C44D80402BF6}.Debug|Any CPU.Build.0 = Debug|Any CPU
		{E6F1A6EE-86AE-4A1A-9808-C44D80402BF6}.Debug|x64.ActiveCfg = Debug|Any CPU
		{E6F1A6EE-86AE-4A1A-9808-C44D80402BF6}.Debug|x64.Build.0 = Debug|Any CPU
		{E6F1A6EE-86AE-4A1A-9808-C44D80402BF6}.Debug|x86.ActiveCfg = Debug|Any CPU
		{E6F1A6EE-86AE-4A1A-9808-C44D80402BF6}.Debug|x86.Build.0 = Debug|Any CPU
		{E6F1A6EE-86AE-4A1A-9808-C44D80402BF6}.Release|Any CPU.ActiveCfg = Release|Any CPU
		{E6F1A6EE-86AE-4A1A-9808-C44D80402BF6}.Release|Any CPU.Build.0 = Release|Any CPU
		{E6F1A6EE-86AE-4A1A-9808-C44D80402BF6}.Release|x64.ActiveCfg = Release|Any CPU
		{E6F1A6EE-86AE-4A1A-9808-C44D80402BF6}.Release|x64.Build.0 = Release|Any CPU
		{E6F1A6EE-86AE-4A1A-9808-C44D80402BF6}.Release|x86.ActiveCfg = Release|Any CPU
		{E6F1A6EE-86AE-4A1A-9808-C44D80402BF6}.Release|x86.Build.0 = Release|Any CPU
		{93011A57-34A8-450D-B467-ECD958AC9B5E}.Debug|Any CPU.ActiveCfg = Debug|Any CPU
		{93011A57-34A8-450D-B467-ECD958AC9B5E}.Debug|Any CPU.Build.0 = Debug|Any CPU
		{93011A57-34A8-450D-B467-ECD958AC9B5E}.Debug|x64.ActiveCfg = Debug|Any CPU
		{93011A57-34A8-450D-B467-ECD958AC9B5E}.Debug|x64.Build.0 = Debug|Any CPU
		{93011A57-34A8-450D-B467-ECD958AC9B5E}.Debug|x86.ActiveCfg = Debug|Any CPU
		{93011A57-34A8-450D-B467-ECD958AC9B5E}.Debug|x86.Build.0 = Debug|Any CPU
		{93011A57-34A8-450D-B467-ECD958AC9B5E}.Release|Any CPU.ActiveCfg = Release|Any CPU
		{93011A57-34A8-450D-B467-ECD958AC9B5E}.Release|Any CPU.Build.0 = Release|Any CPU
		{93011A57-34A8-450D-B467-ECD958AC9B5E}.Release|x64.ActiveCfg = Release|Any CPU
		{93011A57-34A8-450D-B467-ECD958AC9B5E}.Release|x64.Build.0 = Release|Any CPU
		{93011A57-34A8-450D-B467-ECD958AC9B5E}.Release|x86.ActiveCfg = Release|Any CPU
		{93011A57-34A8-450D-B467-ECD958AC9B5E}.Release|x86.Build.0 = Release|Any CPU
		{3501923E-1FF8-4649-A3B7-66C4BE865B30}.Debug|Any CPU.ActiveCfg = Debug|Any CPU
		{3501923E-1FF8-4649-A3B7-66C4BE865B30}.Debug|Any CPU.Build.0 = Debug|Any CPU
		{3501923E-1FF8-4649-A3B7-66C4BE865B30}.Debug|x64.ActiveCfg = Debug|Any CPU
		{3501923E-1FF8-4649-A3B7-66C4BE865B30}.Debug|x64.Build.0 = Debug|Any CPU
		{3501923E-1FF8-4649-A3B7-66C4BE865B30}.Debug|x86.ActiveCfg = Debug|Any CPU
		{3501923E-1FF8-4649-A3B7-66C4BE865B30}.Debug|x86.Build.0 = Debug|Any CPU
		{3501923E-1FF8-4649-A3B7-66C4BE865B30}.Release|Any CPU.ActiveCfg = Release|Any CPU
		{3501923E-1FF8-4649-A3B7-66C4BE865B30}.Release|Any CPU.Build.0 = Release|Any CPU
		{3501923E-1FF8-4649-A3B7-66C4BE865B30}.Release|x64.ActiveCfg = Release|Any CPU
		{3501923E-1FF8-4649-A3B7-66C4BE865B30}.Release|x64.Build.0 = Release|Any CPU
		{3501923E-1FF8-4649-A3B7-66C4BE865B30}.Release|x86.ActiveCfg = Release|Any CPU
		{3501923E-1FF8-4649-A3B7-66C4BE865B30}.Release|x86.Build.0 = Release|Any CPU
		{136AE4CA-EDD0-4527-B285-2B40348A148F}.Debug|Any CPU.ActiveCfg = Debug|Any CPU
		{136AE4CA-EDD0-4527-B285-2B40348A148F}.Debug|Any CPU.Build.0 = Debug|Any CPU
		{136AE4CA-EDD0-4527-B285-2B40348A148F}.Debug|x64.ActiveCfg = Debug|Any CPU
		{136AE4CA-EDD0-4527-B285-2B40348A148F}.Debug|x64.Build.0 = Debug|Any CPU
		{136AE4CA-EDD0-4527-B285-2B40348A148F}.Debug|x86.ActiveCfg = Debug|Any CPU
		{136AE4CA-EDD0-4527-B285-2B40348A148F}.Debug|x86.Build.0 = Debug|Any CPU
		{136AE4CA-EDD0-4527-B285-2B40348A148F}.Release|Any CPU.ActiveCfg = Release|Any CPU
		{136AE4CA-EDD0-4527-B285-2B40348A148F}.Release|Any CPU.Build.0 = Release|Any CPU
		{136AE4CA-EDD0-4527-B285-2B40348A148F}.Release|x64.ActiveCfg = Release|Any CPU
		{136AE4CA-EDD0-4527-B285-2B40348A148F}.Release|x64.Build.0 = Release|Any CPU
		{136AE4CA-EDD0-4527-B285-2B40348A148F}.Release|x86.ActiveCfg = Release|Any CPU
		{136AE4CA-EDD0-4527-B285-2B40348A148F}.Release|x86.Build.0 = Release|Any CPU
		{7D3FFBD0-EBEF-4BB3-ADCE-A99789A5C220}.Debug|Any CPU.ActiveCfg = Debug|Any CPU
		{7D3FFBD0-EBEF-4BB3-ADCE-A99789A5C220}.Debug|Any CPU.Build.0 = Debug|Any CPU
		{7D3FFBD0-EBEF-4BB3-ADCE-A99789A5C220}.Debug|x64.ActiveCfg = Debug|Any CPU
		{7D3FFBD0-EBEF-4BB3-ADCE-A99789A5C220}.Debug|x64.Build.0 = Debug|Any CPU
		{7D3FFBD0-EBEF-4BB3-ADCE-A99789A5C220}.Debug|x86.ActiveCfg = Debug|Any CPU
		{7D3FFBD0-EBEF-4BB3-ADCE-A99789A5C220}.Debug|x86.Build.0 = Debug|Any CPU
		{7D3FFBD0-EBEF-4BB3-ADCE-A99789A5C220}.Release|Any CPU.ActiveCfg = Release|Any CPU
		{7D3FFBD0-EBEF-4BB3-ADCE-A99789A5C220}.Release|Any CPU.Build.0 = Release|Any CPU
		{7D3FFBD0-EBEF-4BB3-ADCE-A99789A5C220}.Release|x64.ActiveCfg = Release|Any CPU
		{7D3FFBD0-EBEF-4BB3-ADCE-A99789A5C220}.Release|x64.Build.0 = Release|Any CPU
		{7D3FFBD0-EBEF-4BB3-ADCE-A99789A5C220}.Release|x86.ActiveCfg = Release|Any CPU
		{7D3FFBD0-EBEF-4BB3-ADCE-A99789A5C220}.Release|x86.Build.0 = Release|Any CPU
		{5921B62B-663A-4860-BD18-190D023A8F86}.Debug|Any CPU.ActiveCfg = Debug|Any CPU
		{5921B62B-663A-4860-BD18-190D023A8F86}.Debug|Any CPU.Build.0 = Debug|Any CPU
		{5921B62B-663A-4860-BD18-190D023A8F86}.Debug|x64.ActiveCfg = Debug|Any CPU
		{5921B62B-663A-4860-BD18-190D023A8F86}.Debug|x64.Build.0 = Debug|Any CPU
		{5921B62B-663A-4860-BD18-190D023A8F86}.Debug|x86.ActiveCfg = Debug|Any CPU
		{5921B62B-663A-4860-BD18-190D023A8F86}.Debug|x86.Build.0 = Debug|Any CPU
		{5921B62B-663A-4860-BD18-190D023A8F86}.Release|Any CPU.ActiveCfg = Release|Any CPU
		{5921B62B-663A-4860-BD18-190D023A8F86}.Release|Any CPU.Build.0 = Release|Any CPU
		{5921B62B-663A-4860-BD18-190D023A8F86}.Release|x64.ActiveCfg = Release|Any CPU
		{5921B62B-663A-4860-BD18-190D023A8F86}.Release|x64.Build.0 = Release|Any CPU
		{5921B62B-663A-4860-BD18-190D023A8F86}.Release|x86.ActiveCfg = Release|Any CPU
		{5921B62B-663A-4860-BD18-190D023A8F86}.Release|x86.Build.0 = Release|Any CPU
		{0528C918-4344-418E-B248-37FE238BE13E}.Debug|Any CPU.ActiveCfg = Debug|Any CPU
		{0528C918-4344-418E-B248-37FE238BE13E}.Debug|Any CPU.Build.0 = Debug|Any CPU
		{0528C918-4344-418E-B248-37FE238BE13E}.Debug|x64.ActiveCfg = Debug|Any CPU
		{0528C918-4344-418E-B248-37FE238BE13E}.Debug|x64.Build.0 = Debug|Any CPU
		{0528C918-4344-418E-B248-37FE238BE13E}.Debug|x86.ActiveCfg = Debug|Any CPU
		{0528C918-4344-418E-B248-37FE238BE13E}.Debug|x86.Build.0 = Debug|Any CPU
		{0528C918-4344-418E-B248-37FE238BE13E}.Release|Any CPU.ActiveCfg = Release|Any CPU
		{0528C918-4344-418E-B248-37FE238BE13E}.Release|Any CPU.Build.0 = Release|Any CPU
		{0528C918-4344-418E-B248-37FE238BE13E}.Release|x64.ActiveCfg = Release|Any CPU
		{0528C918-4344-418E-B248-37FE238BE13E}.Release|x64.Build.0 = Release|Any CPU
		{0528C918-4344-418E-B248-37FE238BE13E}.Release|x86.ActiveCfg = Release|Any CPU
		{0528C918-4344-418E-B248-37FE238BE13E}.Release|x86.Build.0 = Release|Any CPU
		{AAA918BE-D9F5-4FC9-8998-688C999377BD}.Debug|Any CPU.ActiveCfg = Debug|Any CPU
		{AAA918BE-D9F5-4FC9-8998-688C999377BD}.Debug|Any CPU.Build.0 = Debug|Any CPU
		{AAA918BE-D9F5-4FC9-8998-688C999377BD}.Debug|x64.ActiveCfg = Debug|Any CPU
		{AAA918BE-D9F5-4FC9-8998-688C999377BD}.Debug|x64.Build.0 = Debug|Any CPU
		{AAA918BE-D9F5-4FC9-8998-688C999377BD}.Debug|x86.ActiveCfg = Debug|Any CPU
		{AAA918BE-D9F5-4FC9-8998-688C999377BD}.Debug|x86.Build.0 = Debug|Any CPU
		{AAA918BE-D9F5-4FC9-8998-688C999377BD}.Release|Any CPU.ActiveCfg = Release|Any CPU
		{AAA918BE-D9F5-4FC9-8998-688C999377BD}.Release|Any CPU.Build.0 = Release|Any CPU
		{AAA918BE-D9F5-4FC9-8998-688C999377BD}.Release|x64.ActiveCfg = Release|Any CPU
		{AAA918BE-D9F5-4FC9-8998-688C999377BD}.Release|x64.Build.0 = Release|Any CPU
		{AAA918BE-D9F5-4FC9-8998-688C999377BD}.Release|x86.ActiveCfg = Release|Any CPU
		{AAA918BE-D9F5-4FC9-8998-688C999377BD}.Release|x86.Build.0 = Release|Any CPU
		{2A0C40CB-0F3B-40E4-95A0-CDBFCE002696}.Debug|Any CPU.ActiveCfg = Debug|Any CPU
		{2A0C40CB-0F3B-40E4-95A0-CDBFCE002696}.Debug|Any CPU.Build.0 = Debug|Any CPU
		{2A0C40CB-0F3B-40E4-95A0-CDBFCE002696}.Debug|x64.ActiveCfg = Debug|Any CPU
		{2A0C40CB-0F3B-40E4-95A0-CDBFCE002696}.Debug|x64.Build.0 = Debug|Any CPU
		{2A0C40CB-0F3B-40E4-95A0-CDBFCE002696}.Debug|x86.ActiveCfg = Debug|Any CPU
		{2A0C40CB-0F3B-40E4-95A0-CDBFCE002696}.Debug|x86.Build.0 = Debug|Any CPU
		{2A0C40CB-0F3B-40E4-95A0-CDBFCE002696}.Release|Any CPU.ActiveCfg = Release|Any CPU
		{2A0C40CB-0F3B-40E4-95A0-CDBFCE002696}.Release|Any CPU.Build.0 = Release|Any CPU
		{2A0C40CB-0F3B-40E4-95A0-CDBFCE002696}.Release|x64.ActiveCfg = Release|Any CPU
		{2A0C40CB-0F3B-40E4-95A0-CDBFCE002696}.Release|x64.Build.0 = Release|Any CPU
		{2A0C40CB-0F3B-40E4-95A0-CDBFCE002696}.Release|x86.ActiveCfg = Release|Any CPU
		{2A0C40CB-0F3B-40E4-95A0-CDBFCE002696}.Release|x86.Build.0 = Release|Any CPU
		{5C400B41-6A56-4119-B941-6CA8BA1DB523}.Debug|Any CPU.ActiveCfg = Debug|Any CPU
		{5C400B41-6A56-4119-B941-6CA8BA1DB523}.Debug|Any CPU.Build.0 = Debug|Any CPU
		{5C400B41-6A56-4119-B941-6CA8BA1DB523}.Debug|x64.ActiveCfg = Debug|Any CPU
		{5C400B41-6A56-4119-B941-6CA8BA1DB523}.Debug|x64.Build.0 = Debug|Any CPU
		{5C400B41-6A56-4119-B941-6CA8BA1DB523}.Debug|x86.ActiveCfg = Debug|Any CPU
		{5C400B41-6A56-4119-B941-6CA8BA1DB523}.Debug|x86.Build.0 = Debug|Any CPU
		{5C400B41-6A56-4119-B941-6CA8BA1DB523}.Release|Any CPU.ActiveCfg = Release|Any CPU
		{5C400B41-6A56-4119-B941-6CA8BA1DB523}.Release|Any CPU.Build.0 = Release|Any CPU
		{5C400B41-6A56-4119-B941-6CA8BA1DB523}.Release|x64.ActiveCfg = Release|Any CPU
		{5C400B41-6A56-4119-B941-6CA8BA1DB523}.Release|x64.Build.0 = Release|Any CPU
		{5C400B41-6A56-4119-B941-6CA8BA1DB523}.Release|x86.ActiveCfg = Release|Any CPU
		{5C400B41-6A56-4119-B941-6CA8BA1DB523}.Release|x86.Build.0 = Release|Any CPU
		{670B5654-A428-43ED-988E-A8FB2B034D76}.Debug|Any CPU.ActiveCfg = Debug|Any CPU
		{670B5654-A428-43ED-988E-A8FB2B034D76}.Debug|Any CPU.Build.0 = Debug|Any CPU
		{670B5654-A428-43ED-988E-A8FB2B034D76}.Debug|x64.ActiveCfg = Debug|Any CPU
		{670B5654-A428-43ED-988E-A8FB2B034D76}.Debug|x64.Build.0 = Debug|Any CPU
		{670B5654-A428-43ED-988E-A8FB2B034D76}.Debug|x86.ActiveCfg = Debug|Any CPU
		{670B5654-A428-43ED-988E-A8FB2B034D76}.Debug|x86.Build.0 = Debug|Any CPU
		{670B5654-A428-43ED-988E-A8FB2B034D76}.Release|Any CPU.ActiveCfg = Release|Any CPU
		{670B5654-A428-43ED-988E-A8FB2B034D76}.Release|Any CPU.Build.0 = Release|Any CPU
		{670B5654-A428-43ED-988E-A8FB2B034D76}.Release|x64.ActiveCfg = Release|Any CPU
		{670B5654-A428-43ED-988E-A8FB2B034D76}.Release|x64.Build.0 = Release|Any CPU
		{670B5654-A428-43ED-988E-A8FB2B034D76}.Release|x86.ActiveCfg = Release|Any CPU
		{670B5654-A428-43ED-988E-A8FB2B034D76}.Release|x86.Build.0 = Release|Any CPU
	EndGlobalSection
	GlobalSection(SolutionProperties) = preSolution
		HideSolutionNode = FALSE
	EndGlobalSection
	GlobalSection(NestedProjects) = preSolution
		{66FF56B8-B550-4436-BBAB-AAE1562A56DB} = {1AADFA8C-80F4-4CA3-9276-9A21146C965D}
		{A16F2D24-1F4F-48E6-9A78-3810F6AD01C3} = {565C4CD0-805F-45ED-8D0E-F87841E4F9B2}
		{5DE09C73-16F1-4729-980C-6F721E00C830} = {A16F2D24-1F4F-48E6-9A78-3810F6AD01C3}
		{DE28DDB6-B422-432D-A5B9-AA7EF925591A} = {A16F2D24-1F4F-48E6-9A78-3810F6AD01C3}
		{81C71D25-3D51-4CC6-B0E5-39535EC91371} = {565C4CD0-805F-45ED-8D0E-F87841E4F9B2}
		{1E1F0448-9D14-4B01-8FF8-E463A0D8A486} = {81C71D25-3D51-4CC6-B0E5-39535EC91371}
		{E6F1A6EE-86AE-4A1A-9808-C44D80402BF6} = {81C71D25-3D51-4CC6-B0E5-39535EC91371}
		{93011A57-34A8-450D-B467-ECD958AC9B5E} = {908B79B1-66DA-40D4-819E-C2AD2E46C925}
		{A2F03DD7-0449-41F1-BD45-1C3EDA9EF9A7} = {565C4CD0-805F-45ED-8D0E-F87841E4F9B2}
		{3501923E-1FF8-4649-A3B7-66C4BE865B30} = {A2F03DD7-0449-41F1-BD45-1C3EDA9EF9A7}
		{136AE4CA-EDD0-4527-B285-2B40348A148F} = {A2F03DD7-0449-41F1-BD45-1C3EDA9EF9A7}
		{9F3ACE09-5535-4329-B4D4-2FB6C50F1359} = {1A16BDFE-1680-4706-9ADD-D32DDCABE3B1}
		{5921B62B-663A-4860-BD18-190D023A8F86} = {1AADFA8C-80F4-4CA3-9276-9A21146C965D}
		{0528C918-4344-418E-B248-37FE238BE13E} = {A16F2D24-1F4F-48E6-9A78-3810F6AD01C3}
		{AAA918BE-D9F5-4FC9-8998-688C999377BD} = {A2F03DD7-0449-41F1-BD45-1C3EDA9EF9A7}
		{2A0C40CB-0F3B-40E4-95A0-CDBFCE002696} = {81C71D25-3D51-4CC6-B0E5-39535EC91371}
		{5C400B41-6A56-4119-B941-6CA8BA1DB523} = {908B79B1-66DA-40D4-819E-C2AD2E46C925}
		{670B5654-A428-43ED-988E-A8FB2B034D76} = {55954ADC-3A79-410A-8148-EA52045CC2A5}
	EndGlobalSection
	GlobalSection(ExtensibilityGlobals) = postSolution
		SolutionGuid = {D0D17E16-F294-4022-AF4A-85E532645FA3}
	EndGlobalSection
EndGlobal
